
Microsoft Visual Studio Solution File, Format Version 12.00
# Visual Studio 14
VisualStudioVersion = 14.0.25420.1
MinimumVisualStudioVersion = 10.0.40219.1
Project("{FAE04EC0-301F-11D3-BF4B-00C04F79EFBC}") = "Faithful32", "Faithful32\Faithful32.csproj", "{A715D3E8-A294-40A7-BD04-A6BD466A654C}"
EndProject
Global
	GlobalSection(SolutionConfigurationPlatforms) = preSolution
		Debug|Any CPU = Debug|Any CPU
		Release|Any CPU = Release|Any CPU
	EndGlobalSection
	GlobalSection(ProjectConfigurationPlatforms) = postSolution
		{A715D3E8-A294-40A7-BD04-A6BD466A654C}.Debug|Any CPU.ActiveCfg = Debug|Any CPU
		{A715D3E8-A294-40A7-BD04-A6BD466A654C}.Debug|Any CPU.Build.0 = Debug|Any CPU
		{A715D3E8-A294-40A7-BD04-A6BD466A654C}.Release|Any CPU.ActiveCfg = Release|Any CPU
		{A715D3E8-A294-40A7-BD04-A6BD466A654C}.Release|Any CPU.Build.0 = Release|Any CPU
	EndGlobalSection
	GlobalSection(SolutionProperties) = preSolution
		HideSolutionNode = FALSE
	EndGlobalSection
EndGlobal
